
Microsoft Visual Studio Solution File, Format Version 12.00
# Visual Studio 14
VisualStudioVersion = 14.0.23107.0
MinimumVisualStudioVersion = 10.0.40219.1
Project("{FAE04EC0-301F-11D3-BF4B-00C04F79EFBC}") = "SudokuX.Solver", "SudokuX.Solver\SudokuX.Solver.csproj", "{C369B350-D44F-4A14-AD66-AAC5F2723E41}"
EndProject
Project("{FAE04EC0-301F-11D3-BF4B-00C04F79EFBC}") = "SudokuX.Solver.Test", "SudokuX.Solver.Test\SudokuX.Solver.Test.csproj", "{A96248EF-61F4-473C-AC75-6ED42A67DEC0}"
EndProject
Project("{FAE04EC0-301F-11D3-BF4B-00C04F79EFBC}") = "SudokuX.UI", "SudokuX.UI\SudokuX.UI.csproj", "{C0E92A33-2C89-452C-9383-EB5FD2A050EF}"
EndProject
Project("{2150E333-8FDC-42A3-9474-1A3956D46DE8}") = "Solution Items", "Solution Items", "{BC231489-BD5B-426D-AFDA-969772D93AC8}"
	ProjectSection(SolutionItems) = preProject
		README.md = README.md
	EndProjectSection
EndProject
Global
	GlobalSection(SolutionConfigurationPlatforms) = preSolution
		Debug|Any CPU = Debug|Any CPU
		Release|Any CPU = Release|Any CPU
	EndGlobalSection
	GlobalSection(ProjectConfigurationPlatforms) = postSolution
		{C369B350-D44F-4A14-AD66-AAC5F2723E41}.Debug|Any CPU.ActiveCfg = Debug|Any CPU
		{C369B350-D44F-4A14-AD66-AAC5F2723E41}.Debug|Any CPU.Build.0 = Debug|Any CPU
		{C369B350-D44F-4A14-AD66-AAC5F2723E41}.Release|Any CPU.ActiveCfg = Release|Any CPU
		{C369B350-D44F-4A14-AD66-AAC5F2723E41}.Release|Any CPU.Build.0 = Release|Any CPU
		{A96248EF-61F4-473C-AC75-6ED42A67DEC0}.Debug|Any CPU.ActiveCfg = Debug|Any CPU
		{A96248EF-61F4-473C-AC75-6ED42A67DEC0}.Debug|Any CPU.Build.0 = Debug|Any CPU
		{A96248EF-61F4-473C-AC75-6ED42A67DEC0}.Release|Any CPU.ActiveCfg = Release|Any CPU
		{A96248EF-61F4-473C-AC75-6ED42A67DEC0}.Release|Any CPU.Build.0 = Release|Any CPU
		{C0E92A33-2C89-452C-9383-EB5FD2A050EF}.Debug|Any CPU.ActiveCfg = Debug|Any CPU
		{C0E92A33-2C89-452C-9383-EB5FD2A050EF}.Debug|Any CPU.Build.0 = Debug|Any CPU
		{C0E92A33-2C89-452C-9383-EB5FD2A050EF}.Release|Any CPU.ActiveCfg = Release|Any CPU
		{C0E92A33-2C89-452C-9383-EB5FD2A050EF}.Release|Any CPU.Build.0 = Release|Any CPU
	EndGlobalSection
	GlobalSection(SolutionProperties) = preSolution
		HideSolutionNode = FALSE
	EndGlobalSection
EndGlobal
