
Microsoft Visual Studio Solution File, Format Version 12.00
# Visual Studio 2013
VisualStudioVersion = 12.0.31101.0
MinimumVisualStudioVersion = 10.0.40219.1
Project("{FAE04EC0-301F-11D3-BF4B-00C04F79EFBC}") = "SudokuX.Solver", "SudokuX.Solver\SudokuX.Solver.csproj", "{C369B350-D44F-4A14-AD66-AAC5F2723E41}"
EndProject
Project("{FAE04EC0-301F-11D3-BF4B-00C04F79EFBC}") = "SudokuX.Solver.Test", "SudokuX.Solver.Test\SudokuX.Solver.Test.csproj", "{A96248EF-61F4-473C-AC75-6ED42A67DEC0}"
EndProject
Project("{FAE04EC0-301F-11D3-BF4B-00C04F79EFBC}") = "SudokuX.UI", "SudokuX.UI\SudokuX.UI.csproj", "{C0E92A33-2C89-452C-9383-EB5FD2A050EF}"
EndProject
Global
	GlobalSection(TeamFoundationVersionControl) = preSolution
		SccNumberOfProjects = 4
		SccEnterpriseProvider = {4CA58AB2-18FA-4F8D-95D4-32DDF27D184C}
		SccTeamFoundationServer = https://hdkesting.visualstudio.com/defaultcollection
		SccLocalPath0 = .
		SccProjectUniqueName1 = SudokuX.Solver\\SudokuX.Solver.csproj
		SccProjectName1 = SudokuX.Solver
		SccLocalPath1 = SudokuX.Solver
		SccProjectUniqueName2 = SudokuX.Solver.Test\\SudokuX.Solver.Test.csproj
		SccProjectName2 = SudokuX.Solver.Test
		SccLocalPath2 = SudokuX.Solver.Test
		SccProjectUniqueName3 = SudokuX.UI\\SudokuX.UI.csproj
		SccProjectName3 = SudokuX.UI
		SccLocalPath3 = SudokuX.UI
	EndGlobalSection
	GlobalSection(SolutionConfigurationPlatforms) = preSolution
		Debug|Any CPU = Debug|Any CPU
		Release|Any CPU = Release|Any CPU
	EndGlobalSection
	GlobalSection(ProjectConfigurationPlatforms) = postSolution
		{C369B350-D44F-4A14-AD66-AAC5F2723E41}.Debug|Any CPU.ActiveCfg = Release|Any CPU
		{C369B350-D44F-4A14-AD66-AAC5F2723E41}.Debug|Any CPU.Build.0 = Release|Any CPU
		{C369B350-D44F-4A14-AD66-AAC5F2723E41}.Release|Any CPU.ActiveCfg = Release|Any CPU
		{C369B350-D44F-4A14-AD66-AAC5F2723E41}.Release|Any CPU.Build.0 = Release|Any CPU
		{A96248EF-61F4-473C-AC75-6ED42A67DEC0}.Debug|Any CPU.ActiveCfg = Debug|Any CPU
		{A96248EF-61F4-473C-AC75-6ED42A67DEC0}.Debug|Any CPU.Build.0 = Debug|Any CPU
		{A96248EF-61F4-473C-AC75-6ED42A67DEC0}.Release|Any CPU.ActiveCfg = Release|Any CPU
		{A96248EF-61F4-473C-AC75-6ED42A67DEC0}.Release|Any CPU.Build.0 = Release|Any CPU
		{C0E92A33-2C89-452C-9383-EB5FD2A050EF}.Debug|Any CPU.ActiveCfg = Debug|Any CPU
		{C0E92A33-2C89-452C-9383-EB5FD2A050EF}.Debug|Any CPU.Build.0 = Debug|Any CPU
		{C0E92A33-2C89-452C-9383-EB5FD2A050EF}.Release|Any CPU.ActiveCfg = Release|Any CPU
		{C0E92A33-2C89-452C-9383-EB5FD2A050EF}.Release|Any CPU.Build.0 = Release|Any CPU
	EndGlobalSection
	GlobalSection(SolutionProperties) = preSolution
		HideSolutionNode = FALSE
	EndGlobalSection
EndGlobal
